
Microsoft Visual Studio Solution File, Format Version 12.00
# Visual Studio Version 16
VisualStudioVersion = 16.0.32106.194
MinimumVisualStudioVersion = 10.0.40219.1
Project("{9A19103F-16F7-4668-BE54-9A1E7A4F7556}") = "KGSoft.TinyHttpClient", "KGSoft.TinyHttpClient\KGSoft.TinyHttpClient.csproj", "{4588C7A1-3366-47C2-B7FD-20BA8A78AAB7}"
EndProject
Project("{9A19103F-16F7-4668-BE54-9A1E7A4F7556}") = "KGSoft.TinyHttpClient.Test", "KGSoft.TinyHttpClient.Test\KGSoft.TinyHttpClient.Test.csproj", "{D66510EB-C1AC-4413-85DF-28FD1167964A}"
EndProject
Global
	GlobalSection(SolutionConfigurationPlatforms) = preSolution
		Debug|Any CPU = Debug|Any CPU
		Release|Any CPU = Release|Any CPU
	EndGlobalSection
	GlobalSection(ProjectConfigurationPlatforms) = postSolution
		{4588C7A1-3366-47C2-B7FD-20BA8A78AAB7}.Debug|Any CPU.ActiveCfg = Debug|Any CPU
		{4588C7A1-3366-47C2-B7FD-20BA8A78AAB7}.Debug|Any CPU.Build.0 = Debug|Any CPU
		{4588C7A1-3366-47C2-B7FD-20BA8A78AAB7}.Release|Any CPU.ActiveCfg = Release|Any CPU
		{4588C7A1-3366-47C2-B7FD-20BA8A78AAB7}.Release|Any CPU.Build.0 = Release|Any CPU
		{D66510EB-C1AC-4413-85DF-28FD1167964A}.Debug|Any CPU.ActiveCfg = Debug|Any CPU
		{D66510EB-C1AC-4413-85DF-28FD1167964A}.Debug|Any CPU.Build.0 = Debug|Any CPU
		{D66510EB-C1AC-4413-85DF-28FD1167964A}.Release|Any CPU.ActiveCfg = Release|Any CPU
		{D66510EB-C1AC-4413-85DF-28FD1167964A}.Release|Any CPU.Build.0 = Release|Any CPU
	EndGlobalSection
	GlobalSection(SolutionProperties) = preSolution
		HideSolutionNode = FALSE
	EndGlobalSection
	GlobalSection(ExtensibilityGlobals) = postSolution
		SolutionGuid = {167F0596-F620-4906-89AA-D2150D6DF18E}
	EndGlobalSection
EndGlobal
